
Microsoft Visual Studio Solution File, Format Version 12.00
# Visual Studio Version 17
VisualStudioVersion = 17.0.31912.275
MinimumVisualStudioVersion = 10.0.40219.1
Project("{2150E333-8FDC-42A3-9474-1A3956D46DE8}") = "Services", "Services", "{03330CA2-F052-41D6-8B23-BD6BFAFB12EE}"
EndProject
Project("{2150E333-8FDC-42A3-9474-1A3956D46DE8}") = "WebApps", "WebApps", "{9ED1BC1E-3BF8-469F-8075-24F905129E95}"
EndProject
Project("{2150E333-8FDC-42A3-9474-1A3956D46DE8}") = "Cadastros", "Cadastros", "{712B8498-C40A-431A-94A6-6B268F719867}"
EndProject
Project("{2150E333-8FDC-42A3-9474-1A3956D46DE8}") = "Catalogo", "Catalogo", "{45FAF726-D8D1-449E-B0AD-C446942FA19B}"
EndProject
Project("{2150E333-8FDC-42A3-9474-1A3956D46DE8}") = "Core", "Core", "{18D3BFDA-2CCA-4EFF-BEE8-D9E2EC4B701B}"
EndProject
Project("{2150E333-8FDC-42A3-9474-1A3956D46DE8}") = "Fiscal", "Fiscal", "{24CAF859-7FC1-408C-9B56-EEAA93EE1440}"
EndProject
Project("{2150E333-8FDC-42A3-9474-1A3956D46DE8}") = "Pagamentos", "Pagamentos", "{7F78C237-064A-4B02-A236-7D0B53EA3F57}"
EndProject
Project("{2150E333-8FDC-42A3-9474-1A3956D46DE8}") = "Vendas", "Vendas", "{190B3C4A-60D0-4784-BF17-345DAA99169E}"
EndProject
Project("{9A19103F-16F7-4668-BE54-9A1E7A4F7556}") = "NerdStore.Catalogo.Domain", "src\NerdStore.Catalogo.Domain\NerdStore.Catalogo.Domain.csproj", "{2FAF65B8-A6D4-4916-A2DF-DBEA56BF17A5}"
EndProject
Project("{9A19103F-16F7-4668-BE54-9A1E7A4F7556}") = "NerdStore.Core", "src\NerdStore.Core\NerdStore.Core.csproj", "{C6F18801-8A7C-4349-8EF3-A20AE5F78BF8}"
EndProject
Project("{2150E333-8FDC-42A3-9474-1A3956D46DE8}") = "Tests", "Tests", "{B3E73C63-9DE2-4215-A658-52238BEB37EC}"
EndProject
Project("{9A19103F-16F7-4668-BE54-9A1E7A4F7556}") = "NerdStore.Catalogo.Domain.Tests", "tests\NerdStore.Catalogo.Domain.Tests\NerdStore.Catalogo.Domain.Tests.csproj", "{1D3DE50B-62DF-4502-88B3-17036968D3D9}"
EndProject
Project("{9A19103F-16F7-4668-BE54-9A1E7A4F7556}") = "NerdStore.Catalogo.Data", "src\NerdStore.Catalogo.Data\NerdStore.Catalogo.Data.csproj", "{AF7E7EB4-43A2-4702-AC04-2B9DA7C56BB5}"
EndProject
Project("{9A19103F-16F7-4668-BE54-9A1E7A4F7556}") = "NerdStore.Catalogo.Application", "src\NerdStore.Catalogo.Application\NerdStore.Catalogo.Application.csproj", "{70B40A35-C71A-473C-8B4F-FE7A5B7D6370}"
EndProject
Project("{9A19103F-16F7-4668-BE54-9A1E7A4F7556}") = "NerdStore.WebApp.MVC", "src\NerdStore.WebApp.MVC\NerdStore.WebApp.MVC.csproj", "{CBDB9E36-7F1D-473D-B3BE-7F3A0BBD3D10}"
EndProject
Project("{9A19103F-16F7-4668-BE54-9A1E7A4F7556}") = "NerdStore.Vendas.Domain", "src\NerdStore.Vendas.Domain\NerdStore.Vendas.Domain.csproj", "{6D9DB9CE-0F7F-4E04-B83F-96CCD17DB146}"
EndProject
Project("{9A19103F-16F7-4668-BE54-9A1E7A4F7556}") = "NerdStore.Vendas.Application", "src\NerdStore.Vendas.Application\NerdStore.Vendas.Application.csproj", "{F0270396-BA2F-4881-9771-4B8AE9CDFF4A}"
EndProject
Project("{9A19103F-16F7-4668-BE54-9A1E7A4F7556}") = "NerdStore.Vendas.Data", "src\NerdStore.Vendas.Data\NerdStore.Vendas.Data.csproj", "{52C99D58-044F-4192-A005-5AFE1A1E2261}"
EndProject
Project("{9A19103F-16F7-4668-BE54-9A1E7A4F7556}") = "NerdStore.Pagamentos.AntiCorruption", "src\NerdStore.Pagamentis.AntiCorruption\NerdStore.Pagamentos.AntiCorruption.csproj", "{5E69261F-5F99-4223-A4A4-0631A4750B5D}"
EndProject
Project("{9A19103F-16F7-4668-BE54-9A1E7A4F7556}") = "NerdStore.Pagamentos.Business", "src\NerdStore.Pagamentis.Business\NerdStore.Pagamentos.Business.csproj", "{90E41A11-7CFB-4B19-906A-6EFF3E16DA95}"
EndProject
Project("{9A19103F-16F7-4668-BE54-9A1E7A4F7556}") = "NerdStore.Pagamentos.Data", "src\NerdStore.Pagamentis.Data\NerdStore.Pagamentos.Data.csproj", "{60FE849E-243B-4797-8112-BE9AE3E2036B}"
EndProject
Project("{2150E333-8FDC-42A3-9474-1A3956D46DE8}") = "BuildingBlocks", "BuildingBlocks", "{AE190E0F-CEAC-4772-93FD-91AB6615EC9D}"
EndProject
Project("{FAE04EC0-301F-11D3-BF4B-00C04F79EFBC}") = "EventSourcing", "src\EventSourcing\EventSourcing.csproj", "{0E31A155-8EF3-4BEC-920E-D310B99A6E2C}"
EndProject
Global
	GlobalSection(SolutionConfigurationPlatforms) = preSolution
		Debug|Any CPU = Debug|Any CPU
		Release|Any CPU = Release|Any CPU
	EndGlobalSection
	GlobalSection(ProjectConfigurationPlatforms) = postSolution
		{2FAF65B8-A6D4-4916-A2DF-DBEA56BF17A5}.Debug|Any CPU.ActiveCfg = Debug|Any CPU
		{2FAF65B8-A6D4-4916-A2DF-DBEA56BF17A5}.Debug|Any CPU.Build.0 = Debug|Any CPU
		{2FAF65B8-A6D4-4916-A2DF-DBEA56BF17A5}.Release|Any CPU.ActiveCfg = Release|Any CPU
		{2FAF65B8-A6D4-4916-A2DF-DBEA56BF17A5}.Release|Any CPU.Build.0 = Release|Any CPU
		{C6F18801-8A7C-4349-8EF3-A20AE5F78BF8}.Debug|Any CPU.ActiveCfg = Debug|Any CPU
		{C6F18801-8A7C-4349-8EF3-A20AE5F78BF8}.Debug|Any CPU.Build.0 = Debug|Any CPU
		{C6F18801-8A7C-4349-8EF3-A20AE5F78BF8}.Release|Any CPU.ActiveCfg = Release|Any CPU
		{C6F18801-8A7C-4349-8EF3-A20AE5F78BF8}.Release|Any CPU.Build.0 = Release|Any CPU
		{1D3DE50B-62DF-4502-88B3-17036968D3D9}.Debug|Any CPU.ActiveCfg = Debug|Any CPU
		{1D3DE50B-62DF-4502-88B3-17036968D3D9}.Debug|Any CPU.Build.0 = Debug|Any CPU
		{1D3DE50B-62DF-4502-88B3-17036968D3D9}.Release|Any CPU.ActiveCfg = Release|Any CPU
		{1D3DE50B-62DF-4502-88B3-17036968D3D9}.Release|Any CPU.Build.0 = Release|Any CPU
		{AF7E7EB4-43A2-4702-AC04-2B9DA7C56BB5}.Debug|Any CPU.ActiveCfg = Debug|Any CPU
		{AF7E7EB4-43A2-4702-AC04-2B9DA7C56BB5}.Debug|Any CPU.Build.0 = Debug|Any CPU
		{AF7E7EB4-43A2-4702-AC04-2B9DA7C56BB5}.Release|Any CPU.ActiveCfg = Release|Any CPU
		{AF7E7EB4-43A2-4702-AC04-2B9DA7C56BB5}.Release|Any CPU.Build.0 = Release|Any CPU
		{70B40A35-C71A-473C-8B4F-FE7A5B7D6370}.Debug|Any CPU.ActiveCfg = Debug|Any CPU
		{70B40A35-C71A-473C-8B4F-FE7A5B7D6370}.Debug|Any CPU.Build.0 = Debug|Any CPU
		{70B40A35-C71A-473C-8B4F-FE7A5B7D6370}.Release|Any CPU.ActiveCfg = Release|Any CPU
		{70B40A35-C71A-473C-8B4F-FE7A5B7D6370}.Release|Any CPU.Build.0 = Release|Any CPU
		{CBDB9E36-7F1D-473D-B3BE-7F3A0BBD3D10}.Debug|Any CPU.ActiveCfg = Debug|Any CPU
		{CBDB9E36-7F1D-473D-B3BE-7F3A0BBD3D10}.Debug|Any CPU.Build.0 = Debug|Any CPU
		{CBDB9E36-7F1D-473D-B3BE-7F3A0BBD3D10}.Release|Any CPU.ActiveCfg = Release|Any CPU
		{CBDB9E36-7F1D-473D-B3BE-7F3A0BBD3D10}.Release|Any CPU.Build.0 = Release|Any CPU
		{6D9DB9CE-0F7F-4E04-B83F-96CCD17DB146}.Debug|Any CPU.ActiveCfg = Debug|Any CPU
		{6D9DB9CE-0F7F-4E04-B83F-96CCD17DB146}.Debug|Any CPU.Build.0 = Debug|Any CPU
		{6D9DB9CE-0F7F-4E04-B83F-96CCD17DB146}.Release|Any CPU.ActiveCfg = Release|Any CPU
		{6D9DB9CE-0F7F-4E04-B83F-96CCD17DB146}.Release|Any CPU.Build.0 = Release|Any CPU
		{F0270396-BA2F-4881-9771-4B8AE9CDFF4A}.Debug|Any CPU.ActiveCfg = Debug|Any CPU
		{F0270396-BA2F-4881-9771-4B8AE9CDFF4A}.Debug|Any CPU.Build.0 = Debug|Any CPU
		{F0270396-BA2F-4881-9771-4B8AE9CDFF4A}.Release|Any CPU.ActiveCfg = Release|Any CPU
		{F0270396-BA2F-4881-9771-4B8AE9CDFF4A}.Release|Any CPU.Build.0 = Release|Any CPU
		{52C99D58-044F-4192-A005-5AFE1A1E2261}.Debug|Any CPU.ActiveCfg = Debug|Any CPU
		{52C99D58-044F-4192-A005-5AFE1A1E2261}.Debug|Any CPU.Build.0 = Debug|Any CPU
		{52C99D58-044F-4192-A005-5AFE1A1E2261}.Release|Any CPU.ActiveCfg = Release|Any CPU
		{52C99D58-044F-4192-A005-5AFE1A1E2261}.Release|Any CPU.Build.0 = Release|Any CPU
		{5E69261F-5F99-4223-A4A4-0631A4750B5D}.Debug|Any CPU.ActiveCfg = Debug|Any CPU
		{5E69261F-5F99-4223-A4A4-0631A4750B5D}.Debug|Any CPU.Build.0 = Debug|Any CPU
		{5E69261F-5F99-4223-A4A4-0631A4750B5D}.Release|Any CPU.ActiveCfg = Release|Any CPU
		{5E69261F-5F99-4223-A4A4-0631A4750B5D}.Release|Any CPU.Build.0 = Release|Any CPU
		{90E41A11-7CFB-4B19-906A-6EFF3E16DA95}.Debug|Any CPU.ActiveCfg = Debug|Any CPU
		{90E41A11-7CFB-4B19-906A-6EFF3E16DA95}.Debug|Any CPU.Build.0 = Debug|Any CPU
		{90E41A11-7CFB-4B19-906A-6EFF3E16DA95}.Release|Any CPU.ActiveCfg = Release|Any CPU
		{90E41A11-7CFB-4B19-906A-6EFF3E16DA95}.Release|Any CPU.Build.0 = Release|Any CPU
		{60FE849E-243B-4797-8112-BE9AE3E2036B}.Debug|Any CPU.ActiveCfg = Debug|Any CPU
		{60FE849E-243B-4797-8112-BE9AE3E2036B}.Debug|Any CPU.Build.0 = Debug|Any CPU
		{60FE849E-243B-4797-8112-BE9AE3E2036B}.Release|Any CPU.ActiveCfg = Release|Any CPU
		{60FE849E-243B-4797-8112-BE9AE3E2036B}.Release|Any CPU.Build.0 = Release|Any CPU
		{0E31A155-8EF3-4BEC-920E-D310B99A6E2C}.Debug|Any CPU.ActiveCfg = Debug|Any CPU
		{0E31A155-8EF3-4BEC-920E-D310B99A6E2C}.Debug|Any CPU.Build.0 = Debug|Any CPU
		{0E31A155-8EF3-4BEC-920E-D310B99A6E2C}.Release|Any CPU.ActiveCfg = Release|Any CPU
		{0E31A155-8EF3-4BEC-920E-D310B99A6E2C}.Release|Any CPU.Build.0 = Release|Any CPU
	EndGlobalSection
	GlobalSection(SolutionProperties) = preSolution
		HideSolutionNode = FALSE
	EndGlobalSection
	GlobalSection(NestedProjects) = preSolution
		{712B8498-C40A-431A-94A6-6B268F719867} = {03330CA2-F052-41D6-8B23-BD6BFAFB12EE}
		{45FAF726-D8D1-449E-B0AD-C446942FA19B} = {03330CA2-F052-41D6-8B23-BD6BFAFB12EE}
		{18D3BFDA-2CCA-4EFF-BEE8-D9E2EC4B701B} = {03330CA2-F052-41D6-8B23-BD6BFAFB12EE}
		{24CAF859-7FC1-408C-9B56-EEAA93EE1440} = {03330CA2-F052-41D6-8B23-BD6BFAFB12EE}
		{7F78C237-064A-4B02-A236-7D0B53EA3F57} = {03330CA2-F052-41D6-8B23-BD6BFAFB12EE}
		{190B3C4A-60D0-4784-BF17-345DAA99169E} = {03330CA2-F052-41D6-8B23-BD6BFAFB12EE}
		{2FAF65B8-A6D4-4916-A2DF-DBEA56BF17A5} = {45FAF726-D8D1-449E-B0AD-C446942FA19B}
		{C6F18801-8A7C-4349-8EF3-A20AE5F78BF8} = {18D3BFDA-2CCA-4EFF-BEE8-D9E2EC4B701B}
		{B3E73C63-9DE2-4215-A658-52238BEB37EC} = {45FAF726-D8D1-449E-B0AD-C446942FA19B}
		{1D3DE50B-62DF-4502-88B3-17036968D3D9} = {B3E73C63-9DE2-4215-A658-52238BEB37EC}
		{AF7E7EB4-43A2-4702-AC04-2B9DA7C56BB5} = {45FAF726-D8D1-449E-B0AD-C446942FA19B}
		{70B40A35-C71A-473C-8B4F-FE7A5B7D6370} = {45FAF726-D8D1-449E-B0AD-C446942FA19B}
		{CBDB9E36-7F1D-473D-B3BE-7F3A0BBD3D10} = {9ED1BC1E-3BF8-469F-8075-24F905129E95}
		{6D9DB9CE-0F7F-4E04-B83F-96CCD17DB146} = {190B3C4A-60D0-4784-BF17-345DAA99169E}
		{F0270396-BA2F-4881-9771-4B8AE9CDFF4A} = {190B3C4A-60D0-4784-BF17-345DAA99169E}
		{52C99D58-044F-4192-A005-5AFE1A1E2261} = {190B3C4A-60D0-4784-BF17-345DAA99169E}
		{5E69261F-5F99-4223-A4A4-0631A4750B5D} = {7F78C237-064A-4B02-A236-7D0B53EA3F57}
		{90E41A11-7CFB-4B19-906A-6EFF3E16DA95} = {7F78C237-064A-4B02-A236-7D0B53EA3F57}
		{60FE849E-243B-4797-8112-BE9AE3E2036B} = {7F78C237-064A-4B02-A236-7D0B53EA3F57}
		{0E31A155-8EF3-4BEC-920E-D310B99A6E2C} = {AE190E0F-CEAC-4772-93FD-91AB6615EC9D}
	EndGlobalSection
	GlobalSection(ExtensibilityGlobals) = postSolution
		SolutionGuid = {496B7E89-98AE-46B6-88B2-80CEA13CE823}
	EndGlobalSection
EndGlobal
